
Microsoft Visual Studio Solution File, Format Version 12.00
# Visual Studio 2012
Project("{FAE04EC0-301F-11D3-BF4B-00C04F79EFBC}") = "Nancy.OAuth2", "Nancy.OAuth2\Nancy.OAuth2.csproj", "{25FCCA2B-763F-4B66-9078-6A81573CBE83}"
EndProject
Project("{FAE04EC0-301F-11D3-BF4B-00C04F79EFBC}") = "Nancy.OAuth2.Tests", "Nancy.OAuth2.Tests\Nancy.OAuth2.Tests.csproj", "{605CE283-F7F3-452F-ADC3-D6B698E886CC}"
EndProject
Project("{FAE04EC0-301F-11D3-BF4B-00C04F79EFBC}") = "Nancy", "..\dependencies\Nancy\src\Nancy\Nancy.csproj", "{34576216-0DCA-4B0F-A0DC-9075E75A676F}"
EndProject
Project("{FAE04EC0-301F-11D3-BF4B-00C04F79EFBC}") = "Nancy.Hosting.Aspnet", "..\dependencies\Nancy\src\Nancy.Hosting.Aspnet\Nancy.Hosting.Aspnet.csproj", "{15B7F794-0BB2-4B66-AD78-4A951F1209B2}"
EndProject
Project("{FAE04EC0-301F-11D3-BF4B-00C04F79EFBC}") = "Nancy.OAuth2.Demo", "Nancy.OAuth2.Demo\Nancy.OAuth2.Demo.csproj", "{F5C13AE3-3B3A-4473-9AC4-E4293FED8571}"
EndProject
Project("{FAE04EC0-301F-11D3-BF4B-00C04F79EFBC}") = "Nancy.ViewEngines.Razor", "..\dependencies\Nancy\src\Nancy.ViewEngines.Razor\Nancy.ViewEngines.Razor.csproj", "{2C6F51DF-015C-4DB6-B44C-0E5E4F25E2A9}"
EndProject
Project("{FAE04EC0-301F-11D3-BF4B-00C04F79EFBC}") = "Nancy.Authentication.Forms", "..\dependencies\Nancy\src\Nancy.Authentication.Forms\Nancy.Authentication.Forms.csproj", "{E8B18958-7C8A-4FBA-AF00-3041C34A20CE}"
EndProject
Global
	GlobalSection(SolutionConfigurationPlatforms) = preSolution
		Debug|Any CPU = Debug|Any CPU
		MonoDebug|Any CPU = MonoDebug|Any CPU
		MonoRelease|Any CPU = MonoRelease|Any CPU
		Release|Any CPU = Release|Any CPU
	EndGlobalSection
	GlobalSection(ProjectConfigurationPlatforms) = postSolution
		{25FCCA2B-763F-4B66-9078-6A81573CBE83}.Debug|Any CPU.ActiveCfg = Debug|Any CPU
		{25FCCA2B-763F-4B66-9078-6A81573CBE83}.Debug|Any CPU.Build.0 = Debug|Any CPU
		{25FCCA2B-763F-4B66-9078-6A81573CBE83}.MonoDebug|Any CPU.ActiveCfg = Debug|Any CPU
		{25FCCA2B-763F-4B66-9078-6A81573CBE83}.MonoDebug|Any CPU.Build.0 = Debug|Any CPU
		{25FCCA2B-763F-4B66-9078-6A81573CBE83}.MonoRelease|Any CPU.ActiveCfg = Release|Any CPU
		{25FCCA2B-763F-4B66-9078-6A81573CBE83}.MonoRelease|Any CPU.Build.0 = Release|Any CPU
		{25FCCA2B-763F-4B66-9078-6A81573CBE83}.Release|Any CPU.ActiveCfg = Release|Any CPU
		{25FCCA2B-763F-4B66-9078-6A81573CBE83}.Release|Any CPU.Build.0 = Release|Any CPU
		{605CE283-F7F3-452F-ADC3-D6B698E886CC}.Debug|Any CPU.ActiveCfg = Debug|Any CPU
		{605CE283-F7F3-452F-ADC3-D6B698E886CC}.Debug|Any CPU.Build.0 = Debug|Any CPU
		{605CE283-F7F3-452F-ADC3-D6B698E886CC}.MonoDebug|Any CPU.ActiveCfg = Debug|Any CPU
		{605CE283-F7F3-452F-ADC3-D6B698E886CC}.MonoDebug|Any CPU.Build.0 = Debug|Any CPU
		{605CE283-F7F3-452F-ADC3-D6B698E886CC}.MonoRelease|Any CPU.ActiveCfg = Release|Any CPU
		{605CE283-F7F3-452F-ADC3-D6B698E886CC}.MonoRelease|Any CPU.Build.0 = Release|Any CPU
		{605CE283-F7F3-452F-ADC3-D6B698E886CC}.Release|Any CPU.ActiveCfg = Release|Any CPU
		{605CE283-F7F3-452F-ADC3-D6B698E886CC}.Release|Any CPU.Build.0 = Release|Any CPU
		{34576216-0DCA-4B0F-A0DC-9075E75A676F}.Debug|Any CPU.ActiveCfg = Debug|Any CPU
		{34576216-0DCA-4B0F-A0DC-9075E75A676F}.Debug|Any CPU.Build.0 = Debug|Any CPU
		{34576216-0DCA-4B0F-A0DC-9075E75A676F}.MonoDebug|Any CPU.ActiveCfg = MonoDebug|Any CPU
		{34576216-0DCA-4B0F-A0DC-9075E75A676F}.MonoDebug|Any CPU.Build.0 = MonoDebug|Any CPU
		{34576216-0DCA-4B0F-A0DC-9075E75A676F}.MonoRelease|Any CPU.ActiveCfg = MonoRelease|Any CPU
		{34576216-0DCA-4B0F-A0DC-9075E75A676F}.MonoRelease|Any CPU.Build.0 = MonoRelease|Any CPU
		{34576216-0DCA-4B0F-A0DC-9075E75A676F}.Release|Any CPU.ActiveCfg = Release|Any CPU
		{34576216-0DCA-4B0F-A0DC-9075E75A676F}.Release|Any CPU.Build.0 = Release|Any CPU
		{15B7F794-0BB2-4B66-AD78-4A951F1209B2}.Debug|Any CPU.ActiveCfg = Debug|Any CPU
		{15B7F794-0BB2-4B66-AD78-4A951F1209B2}.Debug|Any CPU.Build.0 = Debug|Any CPU
		{15B7F794-0BB2-4B66-AD78-4A951F1209B2}.MonoDebug|Any CPU.ActiveCfg = MonoDebug|Any CPU
		{15B7F794-0BB2-4B66-AD78-4A951F1209B2}.MonoDebug|Any CPU.Build.0 = MonoDebug|Any CPU
		{15B7F794-0BB2-4B66-AD78-4A951F1209B2}.MonoRelease|Any CPU.ActiveCfg = MonoRelease|Any CPU
		{15B7F794-0BB2-4B66-AD78-4A951F1209B2}.MonoRelease|Any CPU.Build.0 = MonoRelease|Any CPU
		{15B7F794-0BB2-4B66-AD78-4A951F1209B2}.Release|Any CPU.ActiveCfg = Release|Any CPU
		{15B7F794-0BB2-4B66-AD78-4A951F1209B2}.Release|Any CPU.Build.0 = Release|Any CPU
		{F5C13AE3-3B3A-4473-9AC4-E4293FED8571}.Debug|Any CPU.ActiveCfg = Debug|Any CPU
		{F5C13AE3-3B3A-4473-9AC4-E4293FED8571}.Debug|Any CPU.Build.0 = Debug|Any CPU
		{F5C13AE3-3B3A-4473-9AC4-E4293FED8571}.MonoDebug|Any CPU.ActiveCfg = Debug|Any CPU
		{F5C13AE3-3B3A-4473-9AC4-E4293FED8571}.MonoDebug|Any CPU.Build.0 = Debug|Any CPU
		{F5C13AE3-3B3A-4473-9AC4-E4293FED8571}.MonoRelease|Any CPU.ActiveCfg = Release|Any CPU
		{F5C13AE3-3B3A-4473-9AC4-E4293FED8571}.MonoRelease|Any CPU.Build.0 = Release|Any CPU
		{F5C13AE3-3B3A-4473-9AC4-E4293FED8571}.Release|Any CPU.ActiveCfg = Release|Any CPU
		{F5C13AE3-3B3A-4473-9AC4-E4293FED8571}.Release|Any CPU.Build.0 = Release|Any CPU
		{2C6F51DF-015C-4DB6-B44C-0E5E4F25E2A9}.Debug|Any CPU.ActiveCfg = Debug|Any CPU
		{2C6F51DF-015C-4DB6-B44C-0E5E4F25E2A9}.Debug|Any CPU.Build.0 = Debug|Any CPU
		{2C6F51DF-015C-4DB6-B44C-0E5E4F25E2A9}.MonoDebug|Any CPU.ActiveCfg = MonoDebug|Any CPU
		{2C6F51DF-015C-4DB6-B44C-0E5E4F25E2A9}.MonoDebug|Any CPU.Build.0 = MonoDebug|Any CPU
		{2C6F51DF-015C-4DB6-B44C-0E5E4F25E2A9}.MonoRelease|Any CPU.ActiveCfg = MonoRelease|Any CPU
		{2C6F51DF-015C-4DB6-B44C-0E5E4F25E2A9}.MonoRelease|Any CPU.Build.0 = MonoRelease|Any CPU
		{2C6F51DF-015C-4DB6-B44C-0E5E4F25E2A9}.Release|Any CPU.ActiveCfg = Release|Any CPU
		{2C6F51DF-015C-4DB6-B44C-0E5E4F25E2A9}.Release|Any CPU.Build.0 = Release|Any CPU
		{E8B18958-7C8A-4FBA-AF00-3041C34A20CE}.Debug|Any CPU.ActiveCfg = Debug|Any CPU
		{E8B18958-7C8A-4FBA-AF00-3041C34A20CE}.Debug|Any CPU.Build.0 = Debug|Any CPU
		{E8B18958-7C8A-4FBA-AF00-3041C34A20CE}.MonoDebug|Any CPU.ActiveCfg = MonoDebug|Any CPU
		{E8B18958-7C8A-4FBA-AF00-3041C34A20CE}.MonoDebug|Any CPU.Build.0 = MonoDebug|Any CPU
		{E8B18958-7C8A-4FBA-AF00-3041C34A20CE}.MonoRelease|Any CPU.ActiveCfg = MonoRelease|Any CPU
		{E8B18958-7C8A-4FBA-AF00-3041C34A20CE}.MonoRelease|Any CPU.Build.0 = MonoRelease|Any CPU
		{E8B18958-7C8A-4FBA-AF00-3041C34A20CE}.Release|Any CPU.ActiveCfg = Release|Any CPU
		{E8B18958-7C8A-4FBA-AF00-3041C34A20CE}.Release|Any CPU.Build.0 = Release|Any CPU
	EndGlobalSection
	GlobalSection(SolutionProperties) = preSolution
		HideSolutionNode = FALSE
	EndGlobalSection
EndGlobal
